
Microsoft Visual Studio Solution File, Format Version 12.00
# Visual Studio Version 17
VisualStudioVersion = 17.12.35527.113 d17.12
MinimumVisualStudioVersion = 10.0.40219.1
Project("{FAE04EC0-301F-11D3-BF4B-00C04F79EFBC}") = "Day_4", "Day_4\Day_4.csproj", "{A68AECDC-64F0-4E69-9F91-D3502874ECC5}"
EndProject
Global
	GlobalSection(SolutionConfigurationPlatforms) = preSolution
		Debug|Any CPU = Debug|Any CPU
		Release|Any CPU = Release|Any CPU
	EndGlobalSection
	GlobalSection(ProjectConfigurationPlatforms) = postSolution
		{A68AECDC-64F0-4E69-9F91-D3502874ECC5}.Debug|Any CPU.ActiveCfg = Debug|Any CPU
		{A68AECDC-64F0-4E69-9F91-D3502874ECC5}.Debug|Any CPU.Build.0 = Debug|Any CPU
		{A68AECDC-64F0-4E69-9F91-D3502874ECC5}.Release|Any CPU.ActiveCfg = Release|Any CPU
		{A68AECDC-64F0-4E69-9F91-D3502874ECC5}.Release|Any CPU.Build.0 = Release|Any CPU
	EndGlobalSection
	GlobalSection(SolutionProperties) = preSolution
		HideSolutionNode = FALSE
	EndGlobalSection
EndGlobal
